<Solution>
  <Folder Name="/platform/">
    <Project Path="platform/examples/CoreLibs.Examples.EfCoreApi/CoreLibs.Examples.EfCoreApi.csproj" />
    <Project Path="platform/examples/CoreLibs.Examples.Jobs/CoreLibs.Examples.Jobs.csproj" />
    <Project Path="platform/examples/CoreLibs.Examples.Jobs.Hangfire.MongoDB/CoreLibs.Examples.Jobs.Hangfire.MongoDB.csproj" />
    <Project Path="platform/examples/CoreLibs.Examples.Jobs.Hangfire.Postgres/CoreLibs.Examples.Jobs.Hangfire.Postgres.csproj" />
    <Project Path="platform/examples/CoreLibs.Examples.Jobs.Quartz.MongoDB/CoreLibs.Examples.Jobs.Quartz.MongoDB.csproj" />
    <Project Path="platform/examples/CoreLibs.Examples.Jobs.Quartz.Postgres/CoreLibs.Examples.Jobs.Quartz.Postgres.csproj" />
    <Project Path="platform/examples/CoreLibs.Examples.RabbitMq/CoreLibs.Examples.RabbitMq.csproj" />
    <Project Path="platform/examples/CoreLibs.Examples.StorageApi/CoreLibs.Examples.StorageApi.csproj" />
    <Project Path="platform/examples/CoreLibs.Examples.WebApi/CoreLibs.Examples.WebApi.csproj" />
    <Project Path="platform/examples/CoreLibs.Examples.Worker/CoreLibs.Examples.Worker.csproj" />
    <Project Path="platform/src/CoreLibs.Cache/CoreLibs.Cache.csproj" />
    <Project Path="platform/src/CoreLibs.Configuration/CoreLibs.Configuration.csproj" />
    <Project Path="platform/src/CoreLibs.CQRS/CoreLibs.CQRS.csproj" />
    <Project Path="platform/src/CoreLibs.Domain/CoreLibs.Domain.csproj" />
    <Project Path="platform/src/CoreLibs.ErrorHandling/CoreLibs.ErrorHandling.csproj" />
    <Project Path="platform/src/CoreLibs.HealthCheck/CoreLibs.HealthCheck.csproj" />
    <Project Path="platform/src/CoreLibs.Identity/CoreLibs.Identity.csproj" />
    <Project Path="platform/src/CoreLibs.Jobs/CoreLibs.Jobs.csproj" />
    <Project Path="platform/src/CoreLibs.Jobs.Hangfire/CoreLibs.Jobs.Hangfire.csproj" />
    <Project Path="platform/src/CoreLibs.Jobs.Hangfire.MongoDB/CoreLibs.Jobs.Hangfire.MongoDB.csproj" />
    <Project Path="platform/src/CoreLibs.Jobs.Hangfire.Postgres/CoreLibs.Jobs.Hangfire.Postgres.csproj" />
    <Project Path="platform/src/CoreLibs.Jobs.Quartz/CoreLibs.Jobs.Quartz.csproj" />
    <Project Path="platform/src/CoreLibs.Jobs.Quartz.MongoDB/CoreLibs.Jobs.Quartz.MongoDB.csproj" />
    <Project Path="platform/src/CoreLibs.Jobs.Quartz.Postgres/CoreLibs.Jobs.Quartz.Postgres.csproj" />
    <Project Path="platform/src/CoreLibs.Jobs.Startup/CoreLibs.Jobs.Startup.csproj" />
    <Project Path="platform/src/CoreLibs.Metrics/CoreLibs.Metrics.csproj" />
    <Project Path="platform/src/CoreLibs.MongoDB/CoreLibs.MongoDB.csproj" />
    <Project Path="platform/src/CoreLibs.MongoDB.Startup/CoreLibs.MongoDB.Startup.csproj" />
    <Project Path="platform/src/CoreLibs.MQ/CoreLibs.MQ.csproj" />
    <Project Path="platform/src/CoreLibs.Postgres/CoreLibs.Postgres.csproj" />
    <Project Path="platform/src/CoreLibs.Postgres.Startup/CoreLibs.Postgres.Startup.csproj" />
    <Project Path="platform/src/CoreLibs.Redis/CoreLibs.Redis.csproj" />
    <Project Path="platform/src/CoreLibs.Redis.Startup/CoreLibs.Redis.Startup.csproj" />
    <Project Path="platform/src/CoreLibs.Sentry/CoreLibs.Sentry.csproj" />
    <Project Path="platform/src/CoreLibs.Serilog/CoreLibs.Serilog.csproj" />
    <Project Path="platform/src/CoreLibs.Startup/CoreLibs.Startup.csproj" />
    <Project Path="platform/src/CoreLibs.Storage.Abstractions/CoreLibs.Storage.Abstractions.csproj" />
    <Project Path="platform/src/CoreLibs.Storage/CoreLibs.Storage.csproj" />
    <Project Path="platform/src/CoreLibs.Storage.Disk/CoreLibs.Storage.Disk.csproj" />
    <Project Path="platform/src/CoreLibs.Storage.S3/CoreLibs.Storage.S3.csproj" />
    <Project Path="platform/src/CoreLibs.Storage.Startup/CoreLibs.Storage.Startup.csproj" />
    <Project Path="platform/src/CoreLibs.Swagger.Theme/CoreLibs.Swagger.Theme.csproj" />
    <Project Path="platform/tests/CoreLibs.Cache.Tests/CoreLibs.Cache.Tests.csproj" />
    <Project Path="platform/tests/CoreLibs.Configuration.Tests/CoreLibs.Configuration.Tests.csproj" />
    <Project Path="platform/tests/CoreLibs.CQRS.Tests/CoreLibs.CQRS.Tests.csproj" />
    <Project Path="platform/tests/CoreLibs.Domain.Tests/CoreLibs.Domain.Tests.csproj" />
    <Project Path="platform/tests/CoreLibs.ErrorHandling.Tests/CoreLibs.ErrorHandling.Tests.csproj" />
    <Project Path="platform/tests/CoreLibs.HealthCheck.Tests/CoreLibs.HealthCheck.Tests.csproj" />
    <Project Path="platform/tests/CoreLibs.Identity.Tests/CoreLibs.Identity.Tests.csproj" />
    <Project Path="platform/tests/CoreLibs.Jobs.Hangfire.Tests/CoreLibs.Jobs.Hangfire.Tests.csproj" />
    <Project Path="platform/tests/CoreLibs.Jobs.Quartz.Tests/CoreLibs.Jobs.Quartz.Tests.csproj" />
    <Project Path="platform/tests/CoreLibs.Jobs.Tests/CoreLibs.Jobs.Tests.csproj" />
    <Project Path="platform/tests/CoreLibs.Metrics.Tests/CoreLibs.Metrics.Tests.csproj" />
    <Project Path="platform/tests/CoreLibs.MongoDB.Integration.Tests/CoreLibs.MongoDB.Integration.Tests.csproj" />
    <Project Path="platform/tests/CoreLibs.MQ.Tests/CoreLibs.MQ.Tests.csproj" />
    <Project Path="platform/tests/CoreLibs.Postgres.Tests/CoreLibs.Postgres.Tests.csproj" />
    <Project Path="platform/tests/CoreLibs.Redis.Integration.Tests/CoreLibs.Redis.Integration.Tests.csproj" />
    <Project Path="platform/tests/CoreLibs.Sentry.Tests/CoreLibs.Sentry.Tests.csproj" />
    <Project Path="platform/tests/CoreLibs.Serilog.Tests/CoreLibs.Serilog.Tests.csproj" />
    <Project Path="platform/tests/CoreLibs.Startup.Tests/CoreLibs.Startup.Tests.csproj" />
    <Project Path="platform/tests/CoreLibs.Storage.Tests/CoreLibs.Storage.Tests.csproj" />
  </Folder>
  <Folder Name="/live-config/">
    <Project Path="live-config/examples/CoreLibs.LiveConfig.Examples.Worker/CoreLibs.LiveConfig.Examples.Worker.csproj" />
    <Project Path="live-config/src/CoreLibs.LiveConfig.Abstractions/CoreLibs.LiveConfig.Abstractions.csproj" />
    <Project Path="live-config/src/CoreLibs.LiveConfig/CoreLibs.LiveConfig.csproj" />
    <Project Path="live-config/src/CoreLibs.LiveConfig.GSheet/CoreLibs.LiveConfig.GSheet.csproj" />
    <Project Path="live-config/src/CoreLibs.LiveConfig.Hosting/CoreLibs.LiveConfig.Hosting.csproj" />
    <Project Path="live-config/src/CoreLibs.LiveConfig.Json/CoreLibs.LiveConfig.Json.csproj" />
    <Project Path="live-config/src/CoreLibs.LiveConfig.Observability/CoreLibs.LiveConfig.Observability.csproj" />
    <Project Path="live-config/src/CoreLibs.LiveConfig.Redis/CoreLibs.LiveConfig.Redis.csproj" />
    <Project Path="live-config/src/CoreLibs.LiveConfig.Startup/CoreLibs.LiveConfig.Startup.csproj" />
    <Project Path="live-config/src/CoreLibs.LiveConfig.Store.MongoDB/CoreLibs.LiveConfig.Store.MongoDB.csproj" />
    <Project Path="live-config/src/CoreLibs.LiveConfig.Store.Postgres/CoreLibs.LiveConfig.Store.Postgres.csproj" />
    <Project Path="live-config/tests/CoreLibs.LiveConfig.IntegrationTests/CoreLibs.LiveConfig.IntegrationTests.csproj" />
    <Project Path="live-config/tests/CoreLibs.LiveConfig.UnitTests/CoreLibs.LiveConfig.UnitTests.csproj" />
  </Folder>
  <Folder Name="/localization/">
    <Project Path="localization/examples/CoreLibs.Localization.Examples.Worker/CoreLibs.Localization.Examples.Worker.csproj" />
    <Project Path="localization/src/CoreLibs.Localization.Cache/CoreLibs.Localization.Cache.csproj" />
    <Project Path="localization/src/CoreLibs.Localization/CoreLibs.Localization.csproj" />
    <Project Path="localization/src/CoreLibs.Localization.LiveConfig/CoreLibs.Localization.LiveConfig.csproj" />
    <Project Path="localization/src/CoreLibs.Localization.LiveConfig.GSheet/CoreLibs.Localization.LiveConfig.GSheet.csproj" />
    <Project Path="localization/src/CoreLibs.Localization.LiveConfig.Json/CoreLibs.Localization.LiveConfig.Json.csproj" />
    <Project Path="localization/src/CoreLibs.Localization.Runtime/CoreLibs.Localization.Runtime.csproj" />
    <Project Path="localization/src/CoreLibs.Localization.Store.MongoDB/CoreLibs.Localization.Store.MongoDB.csproj" />
    <Project Path="localization/src/CoreLibs.Localization.Store.Postgres/CoreLibs.Localization.Store.Postgres.csproj" />
    <Project Path="localization/src/CoreLibs.Localization.Telegram/CoreLibs.Localization.Telegram.csproj" />
    <Project Path="localization/tests/CoreLibs.Localization.IntegrationTests/CoreLibs.Localization.IntegrationTests.csproj" />
    <Project Path="localization/tests/CoreLibs.Localization.UnitTests/CoreLibs.Localization.UnitTests.csproj" />
  </Folder>
</Solution>
