
Microsoft Visual Studio Solution File, Format Version 12.00
# Visual Studio Version 17
VisualStudioVersion = 17.0.31903.59
MinimumVisualStudioVersion = 10.0.40219.1
Project("{2150E333-8FDC-42A3-9474-1A3956D46DE8}") = "src", "src", "{827E0CD3-B72D-47B6-A68D-7590B98EB39B}"
EndProject
Project("{FAE04EC0-301F-11D3-BF4B-00C04F79EFBC}") = "DenisCuciuc.LibName", "src\DenisCuciuc.LibName\DenisCuciuc.LibName.csproj", "{3B937A23-AAAD-4AC3-A4EC-531E2E54A243}"
EndProject
Project("{2150E333-8FDC-42A3-9474-1A3956D46DE8}") = "tests", "tests", "{0AB3BF05-4346-4AA6-1389-037BE0695223}"
EndProject
Project("{FAE04EC0-301F-11D3-BF4B-00C04F79EFBC}") = "DenisCuciuc.LibName.Tests", "tests\DenisCuciuc.LibName.Tests\DenisCuciuc.LibName.Tests.csproj", "{1D612CD8-2BE4-4008-B1E7-99154A6CA70A}"
EndProject
Project("{2150E333-8FDC-42A3-9474-1A3956D46DE8}") = "examples", "examples", "{B36A84DF-456D-A817-6EDD-3EC3E7F6E11F}"
EndProject
Project("{FAE04EC0-301F-11D3-BF4B-00C04F79EFBC}") = "BasicUsage", "examples\BasicUsage\BasicUsage.csproj", "{EE283D67-DB90-4731-9C9B-02FD043CE456}"
EndProject
Global
	GlobalSection(SolutionConfigurationPlatforms) = preSolution
		Debug|Any CPU = Debug|Any CPU
		Debug|x64 = Debug|x64
		Debug|x86 = Debug|x86
		Release|Any CPU = Release|Any CPU
		Release|x64 = Release|x64
		Release|x86 = Release|x86
	EndGlobalSection
	GlobalSection(ProjectConfigurationPlatforms) = postSolution
		{3B937A23-AAAD-4AC3-A4EC-531E2E54A243}.Debug|Any CPU.ActiveCfg = Debug|Any CPU
		{3B937A23-AAAD-4AC3-A4EC-531E2E54A243}.Debug|Any CPU.Build.0 = Debug|Any CPU
		{3B937A23-AAAD-4AC3-A4EC-531E2E54A243}.Debug|x64.ActiveCfg = Debug|Any CPU
		{3B937A23-AAAD-4AC3-A4EC-531E2E54A243}.Debug|x64.Build.0 = Debug|Any CPU
		{3B937A23-AAAD-4AC3-A4EC-531E2E54A243}.Debug|x86.ActiveCfg = Debug|Any CPU
		{3B937A23-AAAD-4AC3-A4EC-531E2E54A243}.Debug|x86.Build.0 = Debug|Any CPU
		{3B937A23-AAAD-4AC3-A4EC-531E2E54A243}.Release|Any CPU.ActiveCfg = Release|Any CPU
		{3B937A23-AAAD-4AC3-A4EC-531E2E54A243}.Release|Any CPU.Build.0 = Release|Any CPU
		{3B937A23-AAAD-4AC3-A4EC-531E2E54A243}.Release|x64.ActiveCfg = Release|Any CPU
		{3B937A23-AAAD-4AC3-A4EC-531E2E54A243}.Release|x64.Build.0 = Release|Any CPU
		{3B937A23-AAAD-4AC3-A4EC-531E2E54A243}.Release|x86.ActiveCfg = Release|Any CPU
		{3B937A23-AAAD-4AC3-A4EC-531E2E54A243}.Release|x86.Build.0 = Release|Any CPU
		{1D612CD8-2BE4-4008-B1E7-99154A6CA70A}.Debug|Any CPU.ActiveCfg = Debug|Any CPU
		{1D612CD8-2BE4-4008-B1E7-99154A6CA70A}.Debug|Any CPU.Build.0 = Debug|Any CPU
		{1D612CD8-2BE4-4008-B1E7-99154A6CA70A}.Debug|x64.ActiveCfg = Debug|Any CPU
		{1D612CD8-2BE4-4008-B1E7-99154A6CA70A}.Debug|x64.Build.0 = Debug|Any CPU
		{1D612CD8-2BE4-4008-B1E7-99154A6CA70A}.Debug|x86.ActiveCfg = Debug|Any CPU
		{1D612CD8-2BE4-4008-B1E7-99154A6CA70A}.Debug|x86.Build.0 = Debug|Any CPU
		{1D612CD8-2BE4-4008-B1E7-99154A6CA70A}.Release|Any CPU.ActiveCfg = Release|Any CPU
		{1D612CD8-2BE4-4008-B1E7-99154A6CA70A}.Release|Any CPU.Build.0 = Release|Any CPU
		{1D612CD8-2BE4-4008-B1E7-99154A6CA70A}.Release|x64.ActiveCfg = Release|Any CPU
		{1D612CD8-2BE4-4008-B1E7-99154A6CA70A}.Release|x64.Build.0 = Release|Any CPU
		{1D612CD8-2BE4-4008-B1E7-99154A6CA70A}.Release|x86.ActiveCfg = Release|Any CPU
		{1D612CD8-2BE4-4008-B1E7-99154A6CA70A}.Release|x86.Build.0 = Release|Any CPU
		{EE283D67-DB90-4731-9C9B-02FD043CE456}.Debug|Any CPU.ActiveCfg = Debug|Any CPU
		{EE283D67-DB90-4731-9C9B-02FD043CE456}.Debug|Any CPU.Build.0 = Debug|Any CPU
		{EE283D67-DB90-4731-9C9B-02FD043CE456}.Debug|x64.ActiveCfg = Debug|Any CPU
		{EE283D67-DB90-4731-9C9B-02FD043CE456}.Debug|x64.Build.0 = Debug|Any CPU
		{EE283D67-DB90-4731-9C9B-02FD043CE456}.Debug|x86.ActiveCfg = Debug|Any CPU
		{EE283D67-DB90-4731-9C9B-02FD043CE456}.Debug|x86.Build.0 = Debug|Any CPU
		{EE283D67-DB90-4731-9C9B-02FD043CE456}.Release|Any CPU.ActiveCfg = Release|Any CPU
		{EE283D67-DB90-4731-9C9B-02FD043CE456}.Release|Any CPU.Build.0 = Release|Any CPU
		{EE283D67-DB90-4731-9C9B-02FD043CE456}.Release|x64.ActiveCfg = Release|Any CPU
		{EE283D67-DB90-4731-9C9B-02FD043CE456}.Release|x64.Build.0 = Release|Any CPU
		{EE283D67-DB90-4731-9C9B-02FD043CE456}.Release|x86.ActiveCfg = Release|Any CPU
		{EE283D67-DB90-4731-9C9B-02FD043CE456}.Release|x86.Build.0 = Release|Any CPU
	EndGlobalSection
	GlobalSection(SolutionProperties) = preSolution
		HideSolutionNode = FALSE
	EndGlobalSection
	GlobalSection(NestedProjects) = preSolution
		{3B937A23-AAAD-4AC3-A4EC-531E2E54A243} = {827E0CD3-B72D-47B6-A68D-7590B98EB39B}
		{1D612CD8-2BE4-4008-B1E7-99154A6CA70A} = {0AB3BF05-4346-4AA6-1389-037BE0695223}
		{EE283D67-DB90-4731-9C9B-02FD043CE456} = {B36A84DF-456D-A817-6EDD-3EC3E7F6E11F}
	EndGlobalSection
EndGlobal
